
Microsoft Visual Studio Solution File, Format Version 12.00
# Visual Studio Version 16
VisualStudioVersion = 16.0.30002.166
MinimumVisualStudioVersion = 10.0.40219.1
Project("{FAE04EC0-301F-11D3-BF4B-00C04F79EFBC}") = "MyOrgs", "MyOrgs\MyOrgs.csproj", "{FF8FB11E-6F20-4E5A-A1DF-B8E9B78B88A7}"
EndProject
Global
	GlobalSection(SolutionConfigurationPlatforms) = preSolution
		Debug|Any CPU = Debug|Any CPU
		Release|Any CPU = Release|Any CPU
	EndGlobalSection
	GlobalSection(ProjectConfigurationPlatforms) = postSolution
		{FF8FB11E-6F20-4E5A-A1DF-B8E9B78B88A7}.Debug|Any CPU.ActiveCfg = Debug|Any CPU
		{FF8FB11E-6F20-4E5A-A1DF-B8E9B78B88A7}.Debug|Any CPU.Build.0 = Debug|Any CPU
		{FF8FB11E-6F20-4E5A-A1DF-B8E9B78B88A7}.Release|Any CPU.ActiveCfg = Release|Any CPU
		{FF8FB11E-6F20-4E5A-A1DF-B8E9B78B88A7}.Release|Any CPU.Build.0 = Release|Any CPU
	EndGlobalSection
	GlobalSection(SolutionProperties) = preSolution
		HideSolutionNode = FALSE
	EndGlobalSection
	GlobalSection(ExtensibilityGlobals) = postSolution
		SolutionGuid = {181532D0-2AE9-4377-A0A8-83B85DE4ABE0}
	EndGlobalSection
EndGlobal
